PODS:
  - AdParticipesCumCepis (0.1.0):
    - GCDWebServer (~> 3.5)
    - MBProgressHUD (~> 1.2)
    - SwiftUTI (~> 1.0)
    - TLPhotoPicker (~> 2.1)
    - Tor (~> 406.8.1)
    - ZIPFoundation (~> 0.9)
  - GCDWebServer (3.5.4):
    - GCDWebServer/Core (= 3.5.4)
  - GCDWebServer/Core (3.5.4)
  - MBProgressHUD (1.2.0)
  - Nimble (9.2.1)
  - PathKit (1.0.1)
  - Quick (4.0.0)
  - Stencil (0.14.2):
    - PathKit (~> 1.0.0)
  - SwiftUTI (1.0.6)
  - TLPhotoPicker (2.1.6)
  - Tor (406.8.1)
  - ZIPFoundation (0.9.11)

DEPENDENCIES:
  - AdParticipesCumCepis (from `../`)
  - Nimble (~> 9.2.1)
  - Quick (~> 4.0.0)
  - Stencil (~> 0.14)

SPEC REPOS:
  https://github.com/CocoaPods/Specs.git:
    - GCDWebServer
    - MBProgressHUD
    - Nimble
    - PathKit
    - Quick
    - Stencil
    - SwiftUTI
    - TLPhotoPicker
    - Tor
    - ZIPFoundation

EXTERNAL SOURCES:
  AdParticipesCumCepis:
    :path: "../"

SPEC CHECKSUMS:
  AdParticipesCumCepis: 28619d657ad8e004069420892c4dcb0f05492a3b
  GCDWebServer: 2c156a56c8226e2d5c0c3f208a3621ccffbe3ce4
  MBProgressHUD: 3ee5efcc380f6a79a7cc9b363dd669c5e1ae7406
  Nimble: e7e615c0335ee4bf5b0d786685451e62746117d5
  PathKit: 83b97c9c61b62e61ecafd598b33b2782575c33e4
  Quick: 6473349e43b9271a8d43839d9ba1c442ed1b7ac4
  Stencil: f2dbb5c83f226454e413be27da3f3ba0fef8b996
  SwiftUTI: e83d65dbe9fba0a0ff7cc9031cd30b2d82acebef
  TLPhotoPicker: 57ad6b54a9cf8c9ec60107be0864d42f3dbe7175
  Tor: 60f6c9067ded259d2dce2020f04c045dee96e8f8
  ZIPFoundation: b1f0de4eed33e74a676f76e12559ab6b75990197

PODFILE CHECKSUM: ffcd790c9bf24e978604af285f525f031dc885f4

COCOAPODS: 1.11.2
